
Microsoft Visual Studio Solution File, Format Version 12.00
# Visual Studio Version 17
VisualStudioVersion = 17.0.31903.59
MinimumVisualStudioVersion = 10.0.40219.1
Project("{2150E333-8FDC-42A3-9474-1A3956D46DE8}") = "enterprise", "enterprise", "{48649735-6600-4122-B6F4-DB539A59DCC3}"
EndProject
Project("{2150E333-8FDC-42A3-9474-1A3956D46DE8}") = "server", "server", "{92CF76CE-0392-429D-BAE1-A5420EEE8183}"
EndProject
Project("{FAE04EC0-301F-11D3-BF4B-00C04F79EFBC}") = "Enterprise.Api", "enterprise\server\Enterprise.Api\Enterprise.Api.csproj", "{BD3AC256-C547-4D1C-9EC8-9D8F080C75A9}"
EndProject
Project("{FAE04EC0-301F-11D3-BF4B-00C04F79EFBC}") = "Enterprise.Data", "enterprise\server\Enterprise.Data\Enterprise.Data.csproj", "{FBF0E5BD-40E0-432C-8604-B9D3F3E1570A}"
EndProject
Project("{FAE04EC0-301F-11D3-BF4B-00C04F79EFBC}") = "Enterprise.DbCli", "enterprise\server\Enterprise.DbCli\Enterprise.DbCli.csproj", "{3BDA0E10-7823-4BAE-BD1F-F71F3521AB70}"
EndProject
Project("{FAE04EC0-301F-11D3-BF4B-00C04F79EFBC}") = "Enterprise.Models", "enterprise\server\Enterprise.Models\Enterprise.Models.csproj", "{94BA8D4A-AA57-4DD2-9F1F-EAF2BD987904}"
EndProject
Project("{FAE04EC0-301F-11D3-BF4B-00C04F79EFBC}") = "Enterprise.Services", "enterprise\server\Enterprise.Services\Enterprise.Services.csproj", "{3BCFE10F-AE74-4D4E-BB74-3C8A6014BD41}"
EndProject
Project("{2150E333-8FDC-42A3-9474-1A3956D46DE8}") = "lib", "lib", "{8CD9F5D2-26A4-4FE1-A99B-DD3998D93828}"
EndProject
Project("{FAE04EC0-301F-11D3-BF4B-00C04F79EFBC}") = "Soc.Api", "lib\Soc.Api\Soc.Api.csproj", "{59AE38CB-3A7F-4B11-A69F-A4A18DB0FCB9}"
EndProject
Project("{FAE04EC0-301F-11D3-BF4B-00C04F79EFBC}") = "Soc.Contracts", "lib\Soc.Contracts\Soc.Contracts.csproj", "{2972908D-0A73-40BE-B694-09E78C516E23}"
EndProject
Project("{FAE04EC0-301F-11D3-BF4B-00C04F79EFBC}") = "Soc.Enterprise", "lib\Soc.Enterprise\Soc.Enterprise.csproj", "{BDD5EA46-4CEC-4752-BCF5-4B8AC39329C2}"
EndProject
Project("{FAE04EC0-301F-11D3-BF4B-00C04F79EFBC}") = "Soc.Staffing", "lib\Soc.Staffing\Soc.Staffing.csproj", "{302C3DD8-5887-431E-9E02-B85551C54847}"
EndProject
Project("{2150E333-8FDC-42A3-9474-1A3956D46DE8}") = "staffing", "staffing", "{2D209A36-FCE3-498C-8D3E-1F8373B4A926}"
EndProject
Project("{2150E333-8FDC-42A3-9474-1A3956D46DE8}") = "server", "server", "{672453F4-9736-411A-A9BB-346348F43DBB}"
EndProject
Project("{FAE04EC0-301F-11D3-BF4B-00C04F79EFBC}") = "Staffing.Api", "staffing\server\Staffing.Api\Staffing.Api.csproj", "{AD2D6E89-CFA7-4252-9AC5-F813A6414E9B}"
EndProject
Project("{FAE04EC0-301F-11D3-BF4B-00C04F79EFBC}") = "Staffing.Data", "staffing\server\Staffing.Data\Staffing.Data.csproj", "{8A7E606C-10F4-4D88-8948-FD59C58442A7}"
EndProject
Project("{FAE04EC0-301F-11D3-BF4B-00C04F79EFBC}") = "Staffing.DbCli", "staffing\server\Staffing.DbCli\Staffing.DbCli.csproj", "{132E3B56-60E0-4C60-8DF7-C3AEA34C2ADD}"
EndProject
Project("{FAE04EC0-301F-11D3-BF4B-00C04F79EFBC}") = "Staffing.Models", "staffing\server\Staffing.Models\Staffing.Models.csproj", "{DC67F9E9-DDA6-404F-BC44-66EB4241498A}"
EndProject
Project("{FAE04EC0-301F-11D3-BF4B-00C04F79EFBC}") = "Staffing.Services", "staffing\server\Staffing.Services\Staffing.Services.csproj", "{5F07B4F1-01BF-42CB-87CB-A3026F371A25}"
EndProject
Global
	GlobalSection(SolutionConfigurationPlatforms) = preSolution
		Debug|Any CPU = Debug|Any CPU
		Release|Any CPU = Release|Any CPU
	EndGlobalSection
	GlobalSection(SolutionProperties) = preSolution
		HideSolutionNode = FALSE
	EndGlobalSection
	GlobalSection(ProjectConfigurationPlatforms) = postSolution
		{BD3AC256-C547-4D1C-9EC8-9D8F080C75A9}.Debug|Any CPU.ActiveCfg = Debug|Any CPU
		{BD3AC256-C547-4D1C-9EC8-9D8F080C75A9}.Debug|Any CPU.Build.0 = Debug|Any CPU
		{BD3AC256-C547-4D1C-9EC8-9D8F080C75A9}.Release|Any CPU.ActiveCfg = Release|Any CPU
		{BD3AC256-C547-4D1C-9EC8-9D8F080C75A9}.Release|Any CPU.Build.0 = Release|Any CPU
		{FBF0E5BD-40E0-432C-8604-B9D3F3E1570A}.Debug|Any CPU.ActiveCfg = Debug|Any CPU
		{FBF0E5BD-40E0-432C-8604-B9D3F3E1570A}.Debug|Any CPU.Build.0 = Debug|Any CPU
		{FBF0E5BD-40E0-432C-8604-B9D3F3E1570A}.Release|Any CPU.ActiveCfg = Release|Any CPU
		{FBF0E5BD-40E0-432C-8604-B9D3F3E1570A}.Release|Any CPU.Build.0 = Release|Any CPU
		{3BDA0E10-7823-4BAE-BD1F-F71F3521AB70}.Debug|Any CPU.ActiveCfg = Debug|Any CPU
		{3BDA0E10-7823-4BAE-BD1F-F71F3521AB70}.Debug|Any CPU.Build.0 = Debug|Any CPU
		{3BDA0E10-7823-4BAE-BD1F-F71F3521AB70}.Release|Any CPU.ActiveCfg = Release|Any CPU
		{3BDA0E10-7823-4BAE-BD1F-F71F3521AB70}.Release|Any CPU.Build.0 = Release|Any CPU
		{94BA8D4A-AA57-4DD2-9F1F-EAF2BD987904}.Debug|Any CPU.ActiveCfg = Debug|Any CPU
		{94BA8D4A-AA57-4DD2-9F1F-EAF2BD987904}.Debug|Any CPU.Build.0 = Debug|Any CPU
		{94BA8D4A-AA57-4DD2-9F1F-EAF2BD987904}.Release|Any CPU.ActiveCfg = Release|Any CPU
		{94BA8D4A-AA57-4DD2-9F1F-EAF2BD987904}.Release|Any CPU.Build.0 = Release|Any CPU
		{3BCFE10F-AE74-4D4E-BB74-3C8A6014BD41}.Debug|Any CPU.ActiveCfg = Debug|Any CPU
		{3BCFE10F-AE74-4D4E-BB74-3C8A6014BD41}.Debug|Any CPU.Build.0 = Debug|Any CPU
		{3BCFE10F-AE74-4D4E-BB74-3C8A6014BD41}.Release|Any CPU.ActiveCfg = Release|Any CPU
		{3BCFE10F-AE74-4D4E-BB74-3C8A6014BD41}.Release|Any CPU.Build.0 = Release|Any CPU
		{59AE38CB-3A7F-4B11-A69F-A4A18DB0FCB9}.Debug|Any CPU.ActiveCfg = Debug|Any CPU
		{59AE38CB-3A7F-4B11-A69F-A4A18DB0FCB9}.Debug|Any CPU.Build.0 = Debug|Any CPU
		{59AE38CB-3A7F-4B11-A69F-A4A18DB0FCB9}.Release|Any CPU.ActiveCfg = Release|Any CPU
		{59AE38CB-3A7F-4B11-A69F-A4A18DB0FCB9}.Release|Any CPU.Build.0 = Release|Any CPU
		{2972908D-0A73-40BE-B694-09E78C516E23}.Debug|Any CPU.ActiveCfg = Debug|Any CPU
		{2972908D-0A73-40BE-B694-09E78C516E23}.Debug|Any CPU.Build.0 = Debug|Any CPU
		{2972908D-0A73-40BE-B694-09E78C516E23}.Release|Any CPU.ActiveCfg = Release|Any CPU
		{2972908D-0A73-40BE-B694-09E78C516E23}.Release|Any CPU.Build.0 = Release|Any CPU
		{BDD5EA46-4CEC-4752-BCF5-4B8AC39329C2}.Debug|Any CPU.ActiveCfg = Debug|Any CPU
		{BDD5EA46-4CEC-4752-BCF5-4B8AC39329C2}.Debug|Any CPU.Build.0 = Debug|Any CPU
		{BDD5EA46-4CEC-4752-BCF5-4B8AC39329C2}.Release|Any CPU.ActiveCfg = Release|Any CPU
		{BDD5EA46-4CEC-4752-BCF5-4B8AC39329C2}.Release|Any CPU.Build.0 = Release|Any CPU
		{302C3DD8-5887-431E-9E02-B85551C54847}.Debug|Any CPU.ActiveCfg = Debug|Any CPU
		{302C3DD8-5887-431E-9E02-B85551C54847}.Debug|Any CPU.Build.0 = Debug|Any CPU
		{302C3DD8-5887-431E-9E02-B85551C54847}.Release|Any CPU.ActiveCfg = Release|Any CPU
		{302C3DD8-5887-431E-9E02-B85551C54847}.Release|Any CPU.Build.0 = Release|Any CPU
		{AD2D6E89-CFA7-4252-9AC5-F813A6414E9B}.Debug|Any CPU.ActiveCfg = Debug|Any CPU
		{AD2D6E89-CFA7-4252-9AC5-F813A6414E9B}.Debug|Any CPU.Build.0 = Debug|Any CPU
		{AD2D6E89-CFA7-4252-9AC5-F813A6414E9B}.Release|Any CPU.ActiveCfg = Release|Any CPU
		{AD2D6E89-CFA7-4252-9AC5-F813A6414E9B}.Release|Any CPU.Build.0 = Release|Any CPU
		{8A7E606C-10F4-4D88-8948-FD59C58442A7}.Debug|Any CPU.ActiveCfg = Debug|Any CPU
		{8A7E606C-10F4-4D88-8948-FD59C58442A7}.Debug|Any CPU.Build.0 = Debug|Any CPU
		{8A7E606C-10F4-4D88-8948-FD59C58442A7}.Release|Any CPU.ActiveCfg = Release|Any CPU
		{8A7E606C-10F4-4D88-8948-FD59C58442A7}.Release|Any CPU.Build.0 = Release|Any CPU
		{132E3B56-60E0-4C60-8DF7-C3AEA34C2ADD}.Debug|Any CPU.ActiveCfg = Debug|Any CPU
		{132E3B56-60E0-4C60-8DF7-C3AEA34C2ADD}.Debug|Any CPU.Build.0 = Debug|Any CPU
		{132E3B56-60E0-4C60-8DF7-C3AEA34C2ADD}.Release|Any CPU.ActiveCfg = Release|Any CPU
		{132E3B56-60E0-4C60-8DF7-C3AEA34C2ADD}.Release|Any CPU.Build.0 = Release|Any CPU
		{DC67F9E9-DDA6-404F-BC44-66EB4241498A}.Debug|Any CPU.ActiveCfg = Debug|Any CPU
		{DC67F9E9-DDA6-404F-BC44-66EB4241498A}.Debug|Any CPU.Build.0 = Debug|Any CPU
		{DC67F9E9-DDA6-404F-BC44-66EB4241498A}.Release|Any CPU.ActiveCfg = Release|Any CPU
		{DC67F9E9-DDA6-404F-BC44-66EB4241498A}.Release|Any CPU.Build.0 = Release|Any CPU
		{5F07B4F1-01BF-42CB-87CB-A3026F371A25}.Debug|Any CPU.ActiveCfg = Debug|Any CPU
		{5F07B4F1-01BF-42CB-87CB-A3026F371A25}.Debug|Any CPU.Build.0 = Debug|Any CPU
		{5F07B4F1-01BF-42CB-87CB-A3026F371A25}.Release|Any CPU.ActiveCfg = Release|Any CPU
		{5F07B4F1-01BF-42CB-87CB-A3026F371A25}.Release|Any CPU.Build.0 = Release|Any CPU
	EndGlobalSection
	GlobalSection(NestedProjects) = preSolution
		{92CF76CE-0392-429D-BAE1-A5420EEE8183} = {48649735-6600-4122-B6F4-DB539A59DCC3}
		{BD3AC256-C547-4D1C-9EC8-9D8F080C75A9} = {92CF76CE-0392-429D-BAE1-A5420EEE8183}
		{FBF0E5BD-40E0-432C-8604-B9D3F3E1570A} = {92CF76CE-0392-429D-BAE1-A5420EEE8183}
		{3BDA0E10-7823-4BAE-BD1F-F71F3521AB70} = {92CF76CE-0392-429D-BAE1-A5420EEE8183}
		{94BA8D4A-AA57-4DD2-9F1F-EAF2BD987904} = {92CF76CE-0392-429D-BAE1-A5420EEE8183}
		{3BCFE10F-AE74-4D4E-BB74-3C8A6014BD41} = {92CF76CE-0392-429D-BAE1-A5420EEE8183}
		{59AE38CB-3A7F-4B11-A69F-A4A18DB0FCB9} = {8CD9F5D2-26A4-4FE1-A99B-DD3998D93828}
		{2972908D-0A73-40BE-B694-09E78C516E23} = {8CD9F5D2-26A4-4FE1-A99B-DD3998D93828}
		{BDD5EA46-4CEC-4752-BCF5-4B8AC39329C2} = {8CD9F5D2-26A4-4FE1-A99B-DD3998D93828}
		{302C3DD8-5887-431E-9E02-B85551C54847} = {8CD9F5D2-26A4-4FE1-A99B-DD3998D93828}
		{672453F4-9736-411A-A9BB-346348F43DBB} = {2D209A36-FCE3-498C-8D3E-1F8373B4A926}
		{AD2D6E89-CFA7-4252-9AC5-F813A6414E9B} = {672453F4-9736-411A-A9BB-346348F43DBB}
		{8A7E606C-10F4-4D88-8948-FD59C58442A7} = {672453F4-9736-411A-A9BB-346348F43DBB}
		{132E3B56-60E0-4C60-8DF7-C3AEA34C2ADD} = {672453F4-9736-411A-A9BB-346348F43DBB}
		{DC67F9E9-DDA6-404F-BC44-66EB4241498A} = {672453F4-9736-411A-A9BB-346348F43DBB}
		{5F07B4F1-01BF-42CB-87CB-A3026F371A25} = {672453F4-9736-411A-A9BB-346348F43DBB}
	EndGlobalSection
EndGlobal
